{
  "object": {
    "pins": [
      {
        "package": "AttributedTextView",
        "repositoryURL": "https://github.com/mittenimraum/AttributedTextView",
        "state": {
          "branch": "master",
          "revision": "e4874de71e537615ed310701f9de0e7af994d908",
          "version": null
        }
      },
      {
        "package": "CancelBag",
        "repositoryURL": "https://github.com/devxoul/CancelBag",
        "state": {
          "branch": null,
          "revision": "5280836ea9deb1a58967ec7fb278cecff2310167",
          "version": "1.0.0"
        }
      },
      {
        "package": "CryptoSwift",
        "repositoryURL": "https://github.com/krzyzanowskim/CryptoSwift",
        "state": {
          "branch": null,
          "revision": "a44caef0550c346e0ab9172f7c9a3852c1833599",
          "version": "1.3.0"
        }
      },
      {
        "package": "OhhAuth",
        "repositoryURL": "https://github.com/mw99/OhhAuth",
        "state": {
          "branch": null,
          "revision": "2b14d3c8087ea9a40b731cfa1bdb0f6f38509448",
          "version": "1.1.0"
        }
      },
      {
        "package": "RxSwift",
        "repositoryURL": "https://github.com/ReactiveX/RxSwift.git",
        "state": {
          "branch": null,
          "revision": "b3e888b4972d9bc76495dd74d30a8c7fad4b9395",
          "version": "5.0.1"
        }
      },
      {
        "package": "Store",
        "repositoryURL": "https://github.com/alexdrone/Store.git",
        "state": {
          "branch": null,
          "revision": "e890cb1b195d7e3049e664a1ea80b6b8048a7a14",
          "version": "1.7.2"
        }
      },
      {
        "package": "SwiftProtobuf",
        "repositoryURL": "https://github.com/apple/swift-protobuf.git",
        "state": {
          "branch": null,
          "revision": "da75a93ac017534e0028e83c0e4fc4610d2acf48",
          "version": "1.7.0"
        }
      },
      {
        "package": "SwiftUIRouter",
        "repositoryURL": "https://github.com/frzi/SwiftUIRouter",
        "state": {
          "branch": null,
          "revision": "f30ba5cf9895b7f9ce5bada3114251a45838abd1",
          "version": "0.1.1"
        }
      },
      {
        "package": "TinyNetworking",
        "repositoryURL": "https://github.com/jdisho/TinyNetworking",
        "state": {
          "branch": null,
          "revision": "3c11cf675b668a464f5d1652b80a96f02ffff835",
          "version": "4.0.0"
        }
      }
    ]
  },
  "version": 1
}
