// !$*UTF8*$!
{
	archiveVersion = 1;
	classes = {
	};
	objectVersion = 52;
	objects = {

/* Begin PBXBuildFile section */
		D41964C723CC5E10006A84C3 /* SwiftUIRefresh in Frameworks */ = {isa = PBXBuildFile; productRef = D41964C623CC5E10006A84C3 /* SwiftUIRefresh */; };
		D4267D1623C5E60800632BA3 /* Credentials.enc in Resources */ = {isa = PBXBuildFile; fileRef = D4267D1523C5E60800632BA3 /* Credentials.enc */; };
		D4267D2723C5F2E100632BA3 /* TinyNetworking in Frameworks */ = {isa = PBXBuildFile; productRef = D4267D2623C5F2E100632BA3 /* TinyNetworking */; };
		D4267D2B23C6052200632BA3 /* TwitterAPI.swift in Sources */ = {isa = PBXBuildFile; fileRef = D4267D2A23C6052200632BA3 /* TwitterAPI.swift */; };
		D4267D2E23C6201000632BA3 /* OhhAuth in Frameworks */ = {isa = PBXBuildFile; productRef = D4267D2D23C6201000632BA3 /* OhhAuth */; };
		D43DB0CB23CFF03400A6F66E /* UIKit+UITabBarController.swift in Sources */ = {isa = PBXBuildFile; fileRef = D43DB0CA23CFF03400A6F66E /* UIKit+UITabBarController.swift */; };
		D45AD86023C734AC00438F1C /* FeedCell.swift in Sources */ = {isa = PBXBuildFile; fileRef = D45AD85F23C734AC00438F1C /* FeedCell.swift */; };
		D45AD86223C7381200438F1C /* AttributedText.swift in Sources */ = {isa = PBXBuildFile; fileRef = D45AD86123C7381200438F1C /* AttributedText.swift */; };
		D45AD86623C73E8B00438F1C /* AttributedTextView in Frameworks */ = {isa = PBXBuildFile; productRef = D45AD86523C73E8B00438F1C /* AttributedTextView */; };
		D45AD86823C73F3C00438F1C /* AttributedTextBuilder.swift in Sources */ = {isa = PBXBuildFile; fileRef = D45AD86723C73F3C00438F1C /* AttributedTextBuilder.swift */; };
		D45AD86A23C742FB00438F1C /* AttributedTextView+Attributer.swift in Sources */ = {isa = PBXBuildFile; fileRef = D45AD86923C742FB00438F1C /* AttributedTextView+Attributer.swift */; };
		D45AD86C23C7431100438F1C /* TinyNetworking+Resource.swift in Sources */ = {isa = PBXBuildFile; fileRef = D45AD86B23C7431100438F1C /* TinyNetworking+Resource.swift */; };
		D45AD86F23C743FC00438F1C /* Interface.swift in Sources */ = {isa = PBXBuildFile; fileRef = D45AD86E23C743FC00438F1C /* Interface.swift */; };
		D45AD87123C7441C00438F1C /* Interface+Fonts.swift in Sources */ = {isa = PBXBuildFile; fileRef = D45AD87023C7441C00438F1C /* Interface+Fonts.swift */; };
		D45AD87323C7444900438F1C /* Interface+Colors.swift in Sources */ = {isa = PBXBuildFile; fileRef = D45AD87223C7444900438F1C /* Interface+Colors.swift */; };
		D45AD87723C7463B00438F1C /* Interface+Spacing.swift in Sources */ = {isa = PBXBuildFile; fileRef = D45AD87623C7463B00438F1C /* Interface+Spacing.swift */; };
		D45AD87E23C7D2A100438F1C /* SwiftUI+View.swift in Sources */ = {isa = PBXBuildFile; fileRef = D45AD87D23C7D2A100438F1C /* SwiftUI+View.swift */; };
		D471113A23D1B63A00259208 /* UIKit+UINavigationController.swift in Sources */ = {isa = PBXBuildFile; fileRef = D471113923D1B63A00259208 /* UIKit+UINavigationController.swift */; };
		D471113C23D214A600259208 /* TwitterError.swift in Sources */ = {isa = PBXBuildFile; fileRef = D471113B23D214A600259208 /* TwitterError.swift */; };
		D471113E23D2202500259208 /* StoreRecorder.swift in Sources */ = {isa = PBXBuildFile; fileRef = D471113D23D2202500259208 /* StoreRecorder.swift */; };
		D4712DCC23C8BA83007B6034 /* InfinityList.swift in Sources */ = {isa = PBXBuildFile; fileRef = D4712DCB23C8BA83007B6034 /* InfinityList.swift */; };
		D475BA5823CBBAD60061733A /* WebLinkView.swift in Sources */ = {isa = PBXBuildFile; fileRef = D475BA5723CBBAD60061733A /* WebLinkView.swift */; };
		D475BA5B23CBBBFD0061733A /* Localizable.strings in Resources */ = {isa = PBXBuildFile; fileRef = D475BA5D23CBBBFD0061733A /* Localizable.strings */; };
		D475BA6123CBBD390061733A /* strings.swift in Sources */ = {isa = PBXBuildFile; fileRef = D475BA5F23CBBD390061733A /* strings.swift */; };
		D475BA6223CBBD390061733A /* assets-images.swift in Sources */ = {isa = PBXBuildFile; fileRef = D475BA6023CBBD390061733A /* assets-images.swift */; };
		D47EBF5723CDEF7A00711F30 /* Foundation+URL.swift in Sources */ = {isa = PBXBuildFile; fileRef = D47EBF5623CDEF7A00711F30 /* Foundation+URL.swift */; };
		D47EBF5923CE03F300711F30 /* Combine+Publisher.swift in Sources */ = {isa = PBXBuildFile; fileRef = D47EBF5823CE03F300711F30 /* Combine+Publisher.swift */; };
		D47EBF5B23CE044B00711F30 /* Combine+Subscribers.swift in Sources */ = {isa = PBXBuildFile; fileRef = D47EBF5A23CE044A00711F30 /* Combine+Subscribers.swift */; };
		D480E4F123C8EE910060B3E9 /* ActivityIndicator.swift in Sources */ = {isa = PBXBuildFile; fileRef = D480E4F023C8EE910060B3E9 /* ActivityIndicator.swift */; };
		D488F32723D064A600BDAE0E /* Assets.xcassets in Resources */ = {isa = PBXBuildFile; fileRef = D4DD89B423C4AD0A00179696 /* Assets.xcassets */; };
		D488F32823D064B300BDAE0E /* LaunchScreen.storyboard in Resources */ = {isa = PBXBuildFile; fileRef = D4DD89B723C4AD0A00179696 /* LaunchScreen.storyboard */; };
		D488F32C23D0A90600BDAE0E /* TwitterUser.swift in Sources */ = {isa = PBXBuildFile; fileRef = D488F32B23D0A90600BDAE0E /* TwitterUser.swift */; };
		D488F33823D0D47E00BDAE0E /* Timer.swift in Sources */ = {isa = PBXBuildFile; fileRef = D488F33723D0D47E00BDAE0E /* Timer.swift */; };
		D488F33A23D0EFF400BDAE0E /* HashtagActivity.swift in Sources */ = {isa = PBXBuildFile; fileRef = D488F33923D0EFF400BDAE0E /* HashtagActivity.swift */; };
		D49D200E23C4FC9C00483FDC /* RoutePath.swift in Sources */ = {isa = PBXBuildFile; fileRef = D49D200D23C4FC9C00483FDC /* RoutePath.swift */; };
		D49D201023C4FD1F00483FDC /* OnboardingView.swift in Sources */ = {isa = PBXBuildFile; fileRef = D49D200F23C4FD1F00483FDC /* OnboardingView.swift */; };
		D49D201223C4FF6100483FDC /* AppCoordinator.swift in Sources */ = {isa = PBXBuildFile; fileRef = D49D201123C4FF6100483FDC /* AppCoordinator.swift */; };
		D49D201723C5004700483FDC /* AppState.swift in Sources */ = {isa = PBXBuildFile; fileRef = D49D201623C5004700483FDC /* AppState.swift */; };
		D49D201923C500FD00483FDC /* AppAction.swift in Sources */ = {isa = PBXBuildFile; fileRef = D49D201823C500FD00483FDC /* AppAction.swift */; };
		D49D201E23C5030C00483FDC /* RouteState.swift in Sources */ = {isa = PBXBuildFile; fileRef = D49D201D23C5030C00483FDC /* RouteState.swift */; };
		D49D202023C5041C00483FDC /* RouteAction.swift in Sources */ = {isa = PBXBuildFile; fileRef = D49D201F23C5041C00483FDC /* RouteAction.swift */; };
		D4A43A7523C5C7F70052821F /* HomeView.swift in Sources */ = {isa = PBXBuildFile; fileRef = D4A43A7423C5C7F70052821F /* HomeView.swift */; };
		D4A43A7723C5C8020052821F /* HomePresenter.swift in Sources */ = {isa = PBXBuildFile; fileRef = D4A43A7623C5C8020052821F /* HomePresenter.swift */; };
		D4A43A7923C5C9AF0052821F /* OnboardingPresenter.swift in Sources */ = {isa = PBXBuildFile; fileRef = D4A43A7823C5C9AF0052821F /* OnboardingPresenter.swift */; };
		D4A43A7B23C5CA480052821F /* HomeInteractor.swift in Sources */ = {isa = PBXBuildFile; fileRef = D4A43A7A23C5CA480052821F /* HomeInteractor.swift */; };
		D4A43A7D23C5CADE0052821F /* OnboardingInteractor.swift in Sources */ = {isa = PBXBuildFile; fileRef = D4A43A7C23C5CADE0052821F /* OnboardingInteractor.swift */; };
		D4A43A8023C5CCC30052821F /* FeedView.swift in Sources */ = {isa = PBXBuildFile; fileRef = D4A43A7F23C5CCC30052821F /* FeedView.swift */; };
		D4A43A8223C5CCCD0052821F /* FeedPresenter.swift in Sources */ = {isa = PBXBuildFile; fileRef = D4A43A8123C5CCCD0052821F /* FeedPresenter.swift */; };
		D4A43A8423C5CCD50052821F /* FeedInteractor.swift in Sources */ = {isa = PBXBuildFile; fileRef = D4A43A8323C5CCD50052821F /* FeedInteractor.swift */; };
		D4A43A8C23C5DD970052821F /* Configuration.swift in Sources */ = {isa = PBXBuildFile; fileRef = D4A43A8B23C5DD970052821F /* Configuration.swift */; };
		D4A43A8E23C5DDA00052821F /* Credentials.swift in Sources */ = {isa = PBXBuildFile; fileRef = D4A43A8D23C5DDA00052821F /* Credentials.swift */; };
		D4A43A9123C5DE4D0052821F /* CryptoSwift in Frameworks */ = {isa = PBXBuildFile; productRef = D4A43A9023C5DE4D0052821F /* CryptoSwift */; };
		D4A43A9723C5DF5D0052821F /* Credentials.enc.swift in Sources */ = {isa = PBXBuildFile; fileRef = D4A43A9623C5DF5D0052821F /* Credentials.enc.swift */; };
		D4A43A9A23C5E1490052821F /* Obfuscator.swift in Sources */ = {isa = PBXBuildFile; fileRef = D4A43A9923C5E1490052821F /* Obfuscator.swift */; };
		D4A43A9C23C5E3E40052821F /* Foundation+String.swift in Sources */ = {isa = PBXBuildFile; fileRef = D4A43A9B23C5E3E30052821F /* Foundation+String.swift */; };
		D4A43A9E23C5E4460052821F /* Foundation+Dictionary.swift in Sources */ = {isa = PBXBuildFile; fileRef = D4A43A9D23C5E4460052821F /* Foundation+Dictionary.swift */; };
		D4ACCD9323CDD07D00E3F775 /* FeedItem.swift in Sources */ = {isa = PBXBuildFile; fileRef = D4ACCD9223CDD07D00E3F775 /* FeedItem.swift */; };
		D4ACCD9523CDD1B000E3F775 /* AppTypes.swift in Sources */ = {isa = PBXBuildFile; fileRef = D4ACCD9423CDD1B000E3F775 /* AppTypes.swift */; };
		D4AD4BA923CB9B2B00BDB356 /* WebView.swift in Sources */ = {isa = PBXBuildFile; fileRef = D4AD4BA823CB9B2B00BDB356 /* WebView.swift */; };
		D4AD4BAE23CB9E9C00BDB356 /* ShareSheet.swift in Sources */ = {isa = PBXBuildFile; fileRef = D4AD4BAD23CB9E9C00BDB356 /* ShareSheet.swift */; };
		D4AD4BB323CBA69300BDB356 /* SafariActivity.swift in Sources */ = {isa = PBXBuildFile; fileRef = D4AD4BB223CBA69300BDB356 /* SafariActivity.swift */; };
		D4C4153523C62BA700EFAA98 /* Networkable.swift in Sources */ = {isa = PBXBuildFile; fileRef = D4C4153423C62BA700EFAA98 /* Networkable.swift */; };
		D4C4153723C62BD100EFAA98 /* Domain.swift in Sources */ = {isa = PBXBuildFile; fileRef = D4C4153623C62BD100EFAA98 /* Domain.swift */; };
		D4C4153C23C6370600EFAA98 /* TwitterResponse.swift in Sources */ = {isa = PBXBuildFile; fileRef = D4C4153B23C6370600EFAA98 /* TwitterResponse.swift */; };
		D4C4153E23C6374500EFAA98 /* TwitterStatus.swift in Sources */ = {isa = PBXBuildFile; fileRef = D4C4153D23C6374500EFAA98 /* TwitterStatus.swift */; };
		D4C4154323C63F0D00EFAA98 /* FeedState.swift in Sources */ = {isa = PBXBuildFile; fileRef = D4C4154223C63F0D00EFAA98 /* FeedState.swift */; };
		D4C4154523C63F8100EFAA98 /* FeedAction.swift in Sources */ = {isa = PBXBuildFile; fileRef = D4C4154423C63F8100EFAA98 /* FeedAction.swift */; };
		D4C4154F23C679DF00EFAA98 /* Foundation+DispatchQueue.swift in Sources */ = {isa = PBXBuildFile; fileRef = D4C4154E23C679DF00EFAA98 /* Foundation+DispatchQueue.swift */; };
		D4CFBAFA23CF245C002542D6 /* AccountService.swift in Sources */ = {isa = PBXBuildFile; fileRef = D4CFBAF923CF245C002542D6 /* AccountService.swift */; };
		D4CFBAFC23CF48B8002542D6 /* TextFieldView.swift in Sources */ = {isa = PBXBuildFile; fileRef = D4CFBAFB23CF48B8002542D6 /* TextFieldView.swift */; };
		D4CFBAFE23CF71ED002542D6 /* UIKit+View.swift in Sources */ = {isa = PBXBuildFile; fileRef = D4CFBAFD23CF71ED002542D6 /* UIKit+View.swift */; };
		D4D0BF7D23CB70E7003BFFF5 /* Store.swift in Sources */ = {isa = PBXBuildFile; fileRef = D4D0BF7C23CB70E7003BFFF5 /* Store.swift */; };
		D4D0BF7F23CB7394003BFFF5 /* StoreContainer.swift in Sources */ = {isa = PBXBuildFile; fileRef = D4D0BF7E23CB7394003BFFF5 /* StoreContainer.swift */; };
		D4DD899123C4AA2200179696 /* SwiftUIArchitectureTests.swift in Sources */ = {isa = PBXBuildFile; fileRef = D4DD899023C4AA2200179696 /* SwiftUIArchitectureTests.swift */; };
		D4DD899C23C4AA2200179696 /* SwiftUIArchitectureUITests.swift in Sources */ = {isa = PBXBuildFile; fileRef = D4DD899B23C4AA2200179696 /* SwiftUIArchitectureUITests.swift */; };
		D4DD89AE23C4AC6500179696 /* SwiftUIRouter in Frameworks */ = {isa = PBXBuildFile; productRef = D4DD89AD23C4AC6500179696 /* SwiftUIRouter */; };
		D4DD89BB23C4AD0A00179696 /* AppDelegate.swift in Sources */ = {isa = PBXBuildFile; fileRef = D4DD89B223C4AD0A00179696 /* AppDelegate.swift */; };
		D4DD89C023C4AD0A00179696 /* SceneDelegate.swift in Sources */ = {isa = PBXBuildFile; fileRef = D4DD89BA23C4AD0A00179696 /* SceneDelegate.swift */; };
		D4DD89D523C4DAF900179696 /* RootView.swift in Sources */ = {isa = PBXBuildFile; fileRef = D4DD89D423C4DAF900179696 /* RootView.swift */; };
		D4EFE01623CA200E0045677F /* Foundation+Codable.swift in Sources */ = {isa = PBXBuildFile; fileRef = D4EFE01523CA200E0045677F /* Foundation+Codable.swift */; };
		D4EFE01823CA39820045677F /* ListState.swift in Sources */ = {isa = PBXBuildFile; fileRef = D4EFE01723CA39820045677F /* ListState.swift */; };
		D4F7ACBC23C529240039A840 /* RouterView.swift in Sources */ = {isa = PBXBuildFile; fileRef = D4F7ACBB23C529240039A840 /* RouterView.swift */; };
/* End PBXBuildFile section */

/* Begin PBXContainerItemProxy section */
		D4DD898D23C4AA2200179696 /* PBXContainerItemProxy */ = {
			isa = PBXContainerItemProxy;
			containerPortal = D4DD896E23C4AA1F00179696 /* Project object */;
			proxyType = 1;
			remoteGlobalIDString = D4DD897523C4AA1F00179696;
			remoteInfo = SwiftUIArchitecture;
		};
		D4DD899823C4AA2200179696 /* PBXContainerItemProxy */ = {
			isa = PBXContainerItemProxy;
			containerPortal = D4DD896E23C4AA1F00179696 /* Project object */;
			proxyType = 1;
			remoteGlobalIDString = D4DD897523C4AA1F00179696;
			remoteInfo = SwiftUIArchitecture;
		};
/* End PBXContainerItemProxy section */

/* Begin PBXFileReference section */
		D4267D1523C5E60800632BA3 /* Credentials.enc */ = {isa = PBXFileReference; lastKnownFileType = file; path = Credentials.enc; sourceTree = "<group>"; };
		D4267D2A23C6052200632BA3 /* TwitterAPI.swift */ = {isa = PBXFileReference; lastKnownFileType = sourcecode.swift; path = TwitterAPI.swift; sourceTree = "<group>"; };
		D43DB0CA23CFF03400A6F66E /* UIKit+UITabBarController.swift */ = {isa = PBXFileReference; lastKnownFileType = sourcecode.swift; path = "UIKit+UITabBarController.swift"; sourceTree = "<group>"; };
		D45AD85F23C734AC00438F1C /* FeedCell.swift */ = {isa = PBXFileReference; lastKnownFileType = sourcecode.swift; path = FeedCell.swift; sourceTree = "<group>"; };
		D45AD86123C7381200438F1C /* AttributedText.swift */ = {isa = PBXFileReference; lastKnownFileType = sourcecode.swift; path = AttributedText.swift; sourceTree = "<group>"; };
		D45AD86723C73F3C00438F1C /* AttributedTextBuilder.swift */ = {isa = PBXFileReference; lastKnownFileType = sourcecode.swift; path = AttributedTextBuilder.swift; sourceTree = "<group>"; };
		D45AD86923C742FB00438F1C /* AttributedTextView+Attributer.swift */ = {isa = PBXFileReference; lastKnownFileType = sourcecode.swift; path = "AttributedTextView+Attributer.swift"; sourceTree = "<group>"; };
		D45AD86B23C7431100438F1C /* TinyNetworking+Resource.swift */ = {isa = PBXFileReference; lastKnownFileType = sourcecode.swift; path = "TinyNetworking+Resource.swift"; sourceTree = "<group>"; };
		D45AD86E23C743FC00438F1C /* Interface.swift */ = {isa = PBXFileReference; lastKnownFileType = sourcecode.swift; path = Interface.swift; sourceTree = "<group>"; };
		D45AD87023C7441C00438F1C /* Interface+Fonts.swift */ = {isa = PBXFileReference; lastKnownFileType = sourcecode.swift; path = "Interface+Fonts.swift"; sourceTree = "<group>"; };
		D45AD87223C7444900438F1C /* Interface+Colors.swift */ = {isa = PBXFileReference; lastKnownFileType = sourcecode.swift; path = "Interface+Colors.swift"; sourceTree = "<group>"; };
		D45AD87623C7463B00438F1C /* Interface+Spacing.swift */ = {isa = PBXFileReference; lastKnownFileType = sourcecode.swift; path = "Interface+Spacing.swift"; sourceTree = "<group>"; };
		D45AD87D23C7D2A100438F1C /* SwiftUI+View.swift */ = {isa = PBXFileReference; lastKnownFileType = sourcecode.swift; path = "SwiftUI+View.swift"; sourceTree = "<group>"; };
		D471113923D1B63A00259208 /* UIKit+UINavigationController.swift */ = {isa = PBXFileReference; lastKnownFileType = sourcecode.swift; path = "UIKit+UINavigationController.swift"; sourceTree = "<group>"; };
		D471113B23D214A600259208 /* TwitterError.swift */ = {isa = PBXFileReference; lastKnownFileType = sourcecode.swift; path = TwitterError.swift; sourceTree = "<group>"; };
		D471113D23D2202500259208 /* StoreRecorder.swift */ = {isa = PBXFileReference; lastKnownFileType = sourcecode.swift; path = StoreRecorder.swift; sourceTree = "<group>"; };
		D4712DCB23C8BA83007B6034 /* InfinityList.swift */ = {isa = PBXFileReference; lastKnownFileType = sourcecode.swift; path = InfinityList.swift; sourceTree = "<group>"; };
		D475BA5723CBBAD60061733A /* WebLinkView.swift */ = {isa = PBXFileReference; lastKnownFileType = sourcecode.swift; path = WebLinkView.swift; sourceTree = "<group>"; };
		D475BA5C23CBBBFD0061733A /* en */ = {isa = PBXFileReference; lastKnownFileType = text.plist.strings; name = en; path = en.lproj/Localizable.strings; sourceTree = "<group>"; };
		D475BA5F23CBBD390061733A /* strings.swift */ = {isa = PBXFileReference; fileEncoding = 4; lastKnownFileType = sourcecode.swift; path = strings.swift; sourceTree = "<group>"; };
		D475BA6023CBBD390061733A /* assets-images.swift */ = {isa = PBXFileReference; fileEncoding = 4; lastKnownFileType = sourcecode.swift; path = "assets-images.swift"; sourceTree = "<group>"; };
		D47EBF5623CDEF7A00711F30 /* Foundation+URL.swift */ = {isa = PBXFileReference; lastKnownFileType = sourcecode.swift; path = "Foundation+URL.swift"; sourceTree = "<group>"; };
		D47EBF5823CE03F300711F30 /* Combine+Publisher.swift */ = {isa = PBXFileReference; lastKnownFileType = sourcecode.swift; path = "Combine+Publisher.swift"; sourceTree = "<group>"; };
		D47EBF5A23CE044A00711F30 /* Combine+Subscribers.swift */ = {isa = PBXFileReference; lastKnownFileType = sourcecode.swift; path = "Combine+Subscribers.swift"; sourceTree = "<group>"; };
		D480E4F023C8EE910060B3E9 /* ActivityIndicator.swift */ = {isa = PBXFileReference; lastKnownFileType = sourcecode.swift; path = ActivityIndicator.swift; sourceTree = "<group>"; };
		D488F32B23D0A90600BDAE0E /* TwitterUser.swift */ = {isa = PBXFileReference; lastKnownFileType = sourcecode.swift; path = TwitterUser.swift; sourceTree = "<group>"; };
		D488F33723D0D47E00BDAE0E /* Timer.swift */ = {isa = PBXFileReference; lastKnownFileType = sourcecode.swift; path = Timer.swift; sourceTree = "<group>"; };
		D488F33923D0EFF400BDAE0E /* HashtagActivity.swift */ = {isa = PBXFileReference; lastKnownFileType = sourcecode.swift; path = HashtagActivity.swift; sourceTree = "<group>"; };
		D49D200D23C4FC9C00483FDC /* RoutePath.swift */ = {isa = PBXFileReference; lastKnownFileType = sourcecode.swift; path = RoutePath.swift; sourceTree = "<group>"; };
		D49D200F23C4FD1F00483FDC /* OnboardingView.swift */ = {isa = PBXFileReference; lastKnownFileType = sourcecode.swift; path = OnboardingView.swift; sourceTree = "<group>"; };
		D49D201123C4FF6100483FDC /* AppCoordinator.swift */ = {isa = PBXFileReference; lastKnownFileType = sourcecode.swift; path = AppCoordinator.swift; sourceTree = "<group>"; };
		D49D201623C5004700483FDC /* AppState.swift */ = {isa = PBXFileReference; lastKnownFileType = sourcecode.swift; path = AppState.swift; sourceTree = "<group>"; };
		D49D201823C500FD00483FDC /* AppAction.swift */ = {isa = PBXFileReference; lastKnownFileType = sourcecode.swift; path = AppAction.swift; sourceTree = "<group>"; };
		D49D201D23C5030C00483FDC /* RouteState.swift */ = {isa = PBXFileReference; lastKnownFileType = sourcecode.swift; path = RouteState.swift; sourceTree = "<group>"; };
		D49D201F23C5041C00483FDC /* RouteAction.swift */ = {isa = PBXFileReference; lastKnownFileType = sourcecode.swift; path = RouteAction.swift; sourceTree = "<group>"; };
		D4A43A7423C5C7F70052821F /* HomeView.swift */ = {isa = PBXFileReference; lastKnownFileType = sourcecode.swift; path = HomeView.swift; sourceTree = "<group>"; };
		D4A43A7623C5C8020052821F /* HomePresenter.swift */ = {isa = PBXFileReference; lastKnownFileType = sourcecode.swift; path = HomePresenter.swift; sourceTree = "<group>"; };
		D4A43A7823C5C9AF0052821F /* OnboardingPresenter.swift */ = {isa = PBXFileReference; lastKnownFileType = sourcecode.swift; path = OnboardingPresenter.swift; sourceTree = "<group>"; };
		D4A43A7A23C5CA480052821F /* HomeInteractor.swift */ = {isa = PBXFileReference; lastKnownFileType = sourcecode.swift; path = HomeInteractor.swift; sourceTree = "<group>"; };
		D4A43A7C23C5CADE0052821F /* OnboardingInteractor.swift */ = {isa = PBXFileReference; lastKnownFileType = sourcecode.swift; path = OnboardingInteractor.swift; sourceTree = "<group>"; };
		D4A43A7F23C5CCC30052821F /* FeedView.swift */ = {isa = PBXFileReference; lastKnownFileType = sourcecode.swift; path = FeedView.swift; sourceTree = "<group>"; };
		D4A43A8123C5CCCD0052821F /* FeedPresenter.swift */ = {isa = PBXFileReference; lastKnownFileType = sourcecode.swift; path = FeedPresenter.swift; sourceTree = "<group>"; };
		D4A43A8323C5CCD50052821F /* FeedInteractor.swift */ = {isa = PBXFileReference; lastKnownFileType = sourcecode.swift; path = FeedInteractor.swift; sourceTree = "<group>"; };
		D4A43A8823C5DD610052821F /* Credentials.plist */ = {isa = PBXFileReference; fileEncoding = 4; lastKnownFileType = text.plist.xml; path = Credentials.plist; sourceTree = "<group>"; };
		D4A43A8B23C5DD970052821F /* Configuration.swift */ = {isa = PBXFileReference; lastKnownFileType = sourcecode.swift; path = Configuration.swift; sourceTree = "<group>"; };
		D4A43A8D23C5DDA00052821F /* Credentials.swift */ = {isa = PBXFileReference; lastKnownFileType = sourcecode.swift; path = Credentials.swift; sourceTree = "<group>"; };
		D4A43A9223C5DE930052821F /* Credentials.xcconfig */ = {isa = PBXFileReference; lastKnownFileType = text.xcconfig; path = Credentials.xcconfig; sourceTree = "<group>"; };
		D4A43A9623C5DF5D0052821F /* Credentials.enc.swift */ = {isa = PBXFileReference; lastKnownFileType = sourcecode.swift; path = Credentials.enc.swift; sourceTree = "<group>"; };
		D4A43A9923C5E1490052821F /* Obfuscator.swift */ = {isa = PBXFileReference; lastKnownFileType = sourcecode.swift; path = Obfuscator.swift; sourceTree = "<group>"; };
		D4A43A9B23C5E3E30052821F /* Foundation+String.swift */ = {isa = PBXFileReference; lastKnownFileType = sourcecode.swift; path = "Foundation+String.swift"; sourceTree = "<group>"; };
		D4A43A9D23C5E4460052821F /* Foundation+Dictionary.swift */ = {isa = PBXFileReference; lastKnownFileType = sourcecode.swift; path = "Foundation+Dictionary.swift"; sourceTree = "<group>"; };
		D4ACCD9223CDD07D00E3F775 /* FeedItem.swift */ = {isa = PBXFileReference; lastKnownFileType = sourcecode.swift; path = FeedItem.swift; sourceTree = "<group>"; };
		D4ACCD9423CDD1B000E3F775 /* AppTypes.swift */ = {isa = PBXFileReference; lastKnownFileType = sourcecode.swift; path = AppTypes.swift; sourceTree = "<group>"; };
		D4AD4BA823CB9B2B00BDB356 /* WebView.swift */ = {isa = PBXFileReference; lastKnownFileType = sourcecode.swift; path = WebView.swift; sourceTree = "<group>"; };
		D4AD4BAD23CB9E9C00BDB356 /* ShareSheet.swift */ = {isa = PBXFileReference; lastKnownFileType = sourcecode.swift; path = ShareSheet.swift; sourceTree = "<group>"; };
		D4AD4BB223CBA69300BDB356 /* SafariActivity.swift */ = {isa = PBXFileReference; lastKnownFileType = sourcecode.swift; path = SafariActivity.swift; sourceTree = "<group>"; };
		D4C4153423C62BA700EFAA98 /* Networkable.swift */ = {isa = PBXFileReference; lastKnownFileType = sourcecode.swift; path = Networkable.swift; sourceTree = "<group>"; };
		D4C4153623C62BD100EFAA98 /* Domain.swift */ = {isa = PBXFileReference; lastKnownFileType = sourcecode.swift; path = Domain.swift; sourceTree = "<group>"; };
		D4C4153B23C6370600EFAA98 /* TwitterResponse.swift */ = {isa = PBXFileReference; lastKnownFileType = sourcecode.swift; path = TwitterResponse.swift; sourceTree = "<group>"; };
		D4C4153D23C6374500EFAA98 /* TwitterStatus.swift */ = {isa = PBXFileReference; lastKnownFileType = sourcecode.swift; path = TwitterStatus.swift; sourceTree = "<group>"; };
		D4C4154223C63F0D00EFAA98 /* FeedState.swift */ = {isa = PBXFileReference; lastKnownFileType = sourcecode.swift; path = FeedState.swift; sourceTree = "<group>"; };
		D4C4154423C63F8100EFAA98 /* FeedAction.swift */ = {isa = PBXFileReference; lastKnownFileType = sourcecode.swift; path = FeedAction.swift; sourceTree = "<group>"; };
		D4C4154E23C679DF00EFAA98 /* Foundation+DispatchQueue.swift */ = {isa = PBXFileReference; lastKnownFileType = sourcecode.swift; path = "Foundation+DispatchQueue.swift"; sourceTree = "<group>"; };
		D4CFBAF923CF245C002542D6 /* AccountService.swift */ = {isa = PBXFileReference; lastKnownFileType = sourcecode.swift; path = AccountService.swift; sourceTree = "<group>"; };
		D4CFBAFB23CF48B8002542D6 /* TextFieldView.swift */ = {isa = PBXFileReference; lastKnownFileType = sourcecode.swift; path = TextFieldView.swift; sourceTree = "<group>"; };
		D4CFBAFD23CF71ED002542D6 /* UIKit+View.swift */ = {isa = PBXFileReference; lastKnownFileType = sourcecode.swift; path = "UIKit+View.swift"; sourceTree = "<group>"; };
		D4D0BF7C23CB70E7003BFFF5 /* Store.swift */ = {isa = PBXFileReference; lastKnownFileType = sourcecode.swift; path = Store.swift; sourceTree = "<group>"; };
		D4D0BF7E23CB7394003BFFF5 /* StoreContainer.swift */ = {isa = PBXFileReference; lastKnownFileType = sourcecode.swift; path = StoreContainer.swift; sourceTree = "<group>"; };
		D4DD897623C4AA1F00179696 /* burr.app */ = {isa = PBXFileReference; explicitFileType = wrapper.application; includeInIndex = 0; path = burr.app; sourceTree = BUILT_PRODUCTS_DIR; };
		D4DD898723C4AA2100179696 /* Info.plist */ = {isa = PBXFileReference; lastKnownFileType = text.plist.xml; path = Info.plist; sourceTree = "<group>"; };
		D4DD898C23C4AA2200179696 /* SwiftUIArchitectureTests.xctest */ = {isa = PBXFileReference; explicitFileType = wrapper.cfbundle; includeInIndex = 0; path = SwiftUIArchitectureTests.xctest; sourceTree = BUILT_PRODUCTS_DIR; };
		D4DD899023C4AA2200179696 /* SwiftUIArchitectureTests.swift */ = {isa = PBXFileReference; lastKnownFileType = sourcecode.swift; path = SwiftUIArchitectureTests.swift; sourceTree = "<group>"; };
		D4DD899223C4AA2200179696 /* Info.plist */ = {isa = PBXFileReference; lastKnownFileType = text.plist.xml; path = Info.plist; sourceTree = "<group>"; };
		D4DD899723C4AA2200179696 /* SwiftUIArchitectureUITests.xctest */ = {isa = PBXFileReference; explicitFileType = wrapper.cfbundle; includeInIndex = 0; path = SwiftUIArchitectureUITests.xctest; sourceTree = BUILT_PRODUCTS_DIR; };
		D4DD899B23C4AA2200179696 /* SwiftUIArchitectureUITests.swift */ = {isa = PBXFileReference; lastKnownFileType = sourcecode.swift; path = SwiftUIArchitectureUITests.swift; sourceTree = "<group>"; };
		D4DD899D23C4AA2200179696 /* Info.plist */ = {isa = PBXFileReference; lastKnownFileType = text.plist.xml; path = Info.plist; sourceTree = "<group>"; };
		D4DD89B223C4AD0A00179696 /* AppDelegate.swift */ = {isa = PBXFileReference; fileEncoding = 4; lastKnownFileType = sourcecode.swift; path = AppDelegate.swift; sourceTree = "<group>"; };
		D4DD89B423C4AD0A00179696 /* Assets.xcassets */ = {isa = PBXFileReference; lastKnownFileType = folder.assetcatalog; path = Assets.xcassets; sourceTree = "<group>"; };
		D4DD89B823C4AD0A00179696 /* Base */ = {isa = PBXFileReference; lastKnownFileType = file.storyboard; name = Base; path = Base.lproj/LaunchScreen.storyboard; sourceTree = "<group>"; };
		D4DD89BA23C4AD0A00179696 /* SceneDelegate.swift */ = {isa = PBXFileReference; fileEncoding = 4; lastKnownFileType = sourcecode.swift; path = SceneDelegate.swift; sourceTree = "<group>"; };
		D4DD89C923C4C2A000179696 /* Preview.xcassets */ = {isa = PBXFileReference; lastKnownFileType = folder.assetcatalog; path = Preview.xcassets; sourceTree = "<group>"; };
		D4DD89D423C4DAF900179696 /* RootView.swift */ = {isa = PBXFileReference; fileEncoding = 4; lastKnownFileType = sourcecode.swift; path = RootView.swift; sourceTree = "<group>"; };
		D4EFE01523CA200E0045677F /* Foundation+Codable.swift */ = {isa = PBXFileReference; lastKnownFileType = sourcecode.swift; path = "Foundation+Codable.swift"; sourceTree = "<group>"; };
		D4EFE01723CA39820045677F /* ListState.swift */ = {isa = PBXFileReference; lastKnownFileType = sourcecode.swift; path = ListState.swift; sourceTree = "<group>"; };
		D4F7ACBB23C529240039A840 /* RouterView.swift */ = {isa = PBXFileReference; lastKnownFileType = sourcecode.swift; path = RouterView.swift; sourceTree = "<group>"; };
/* End PBXFileReference section */

/* Begin PBXFrameworksBuildPhase section */
		D4DD897323C4AA1F00179696 /* Frameworks */ = {
			isa = PBXFrameworksBuildPhase;
			buildActionMask = 2147483647;
			files = (
				D41964C723CC5E10006A84C3 /* SwiftUIRefresh in Frameworks */,
				D4DD89AE23C4AC6500179696 /* SwiftUIRouter in Frameworks */,
				D4267D2723C5F2E100632BA3 /* TinyNetworking in Frameworks */,
				D4267D2E23C6201000632BA3 /* OhhAuth in Frameworks */,
				D45AD86623C73E8B00438F1C /* AttributedTextView in Frameworks */,
				D4A43A9123C5DE4D0052821F /* CryptoSwift in Frameworks */,
			);
			runOnlyForDeploymentPostprocessing = 0;
		};
		D4DD898923C4AA2200179696 /* Frameworks */ = {
			isa = PBXFrameworksBuildPhase;
			buildActionMask = 2147483647;
			files = (
			);
			runOnlyForDeploymentPostprocessing = 0;
		};
		D4DD899423C4AA2200179696 /* Frameworks */ = {
			isa = PBXFrameworksBuildPhase;
			buildActionMask = 2147483647;
			files = (
			);
			runOnlyForDeploymentPostprocessing = 0;
		};
/* End PBXFrameworksBuildPhase section */

/* Begin PBXGroup section */
		D4267D2123C5F00F00632BA3 /* Network */ = {
			isa = PBXGroup;
			children = (
				D4267D2823C6051000632BA3 /* API */,
				D4C4153423C62BA700EFAA98 /* Networkable.swift */,
			);
			path = Network;
			sourceTree = "<group>";
		};
		D4267D2823C6051000632BA3 /* API */ = {
			isa = PBXGroup;
			children = (
				D4267D2A23C6052200632BA3 /* TwitterAPI.swift */,
			);
			path = API;
			sourceTree = "<group>";
		};
		D45AD85E23C7349200438F1C /* components */ = {
			isa = PBXGroup;
			children = (
				D45AD85F23C734AC00438F1C /* FeedCell.swift */,
				D4ACCD9223CDD07D00E3F775 /* FeedItem.swift */,
			);
			path = components;
			sourceTree = "<group>";
		};
		D45AD86D23C743D300438F1C /* Style */ = {
			isa = PBXGroup;
			children = (
				D45AD86E23C743FC00438F1C /* Interface.swift */,
				D45AD87223C7444900438F1C /* Interface+Colors.swift */,
				D45AD87023C7441C00438F1C /* Interface+Fonts.swift */,
				D45AD87623C7463B00438F1C /* Interface+Spacing.swift */,
			);
			path = Style;
			sourceTree = "<group>";
		};
		D475BA5623CBBABD0061733A /* Web */ = {
			isa = PBXGroup;
			children = (
				D475BA5723CBBAD60061733A /* WebLinkView.swift */,
			);
			path = Web;
			sourceTree = "<group>";
		};
		D475BA5E23CBBD390061733A /* SwiftGen */ = {
			isa = PBXGroup;
			children = (
				D475BA5F23CBBD390061733A /* strings.swift */,
				D475BA6023CBBD390061733A /* assets-images.swift */,
			);
			path = SwiftGen;
			sourceTree = "<group>";
		};
		D488F33623D0D46E00BDAE0E /* Utilities */ = {
			isa = PBXGroup;
			children = (
				D488F33723D0D47E00BDAE0E /* Timer.swift */,
			);
			path = Utilities;
			sourceTree = "<group>";
		};
		D49D200723C4FBC900483FDC /* Onboarding */ = {
			isa = PBXGroup;
			children = (
				D49D200F23C4FD1F00483FDC /* OnboardingView.swift */,
				D4A43A7823C5C9AF0052821F /* OnboardingPresenter.swift */,
				D4A43A7C23C5CADE0052821F /* OnboardingInteractor.swift */,
			);
			path = Onboarding;
			sourceTree = "<group>";
		};
		D49D201323C5002F00483FDC /* States */ = {
			isa = PBXGroup;
			children = (
				D49D201623C5004700483FDC /* AppState.swift */,
				D49D201D23C5030C00483FDC /* RouteState.swift */,
				D4C4154223C63F0D00EFAA98 /* FeedState.swift */,
				D4EFE01723CA39820045677F /* ListState.swift */,
			);
			path = States;
			sourceTree = "<group>";
		};
		D49D201423C5003500483FDC /* Actions */ = {
			isa = PBXGroup;
			children = (
				D49D201823C500FD00483FDC /* AppAction.swift */,
				D49D201F23C5041C00483FDC /* RouteAction.swift */,
				D4C4154423C63F8100EFAA98 /* FeedAction.swift */,
			);
			path = Actions;
			sourceTree = "<group>";
		};
		D4A43A7323C5C7E40052821F /* Home */ = {
			isa = PBXGroup;
			children = (
				D4A43A7423C5C7F70052821F /* HomeView.swift */,
				D4A43A7623C5C8020052821F /* HomePresenter.swift */,
				D4A43A7A23C5CA480052821F /* HomeInteractor.swift */,
			);
			path = Home;
			sourceTree = "<group>";
		};
		D4A43A7E23C5CC5B0052821F /* Feed */ = {
			isa = PBXGroup;
			children = (
				D45AD85E23C7349200438F1C /* components */,
				D4A43A7F23C5CCC30052821F /* FeedView.swift */,
				D4A43A8123C5CCCD0052821F /* FeedPresenter.swift */,
				D4A43A8323C5CCD50052821F /* FeedInteractor.swift */,
			);
			path = Feed;
			sourceTree = "<group>";
		};
		D4A43A8A23C5DD8A0052821F /* Credentials */ = {
			isa = PBXGroup;
			children = (
				D4A43A8B23C5DD970052821F /* Configuration.swift */,
				D4A43A8D23C5DDA00052821F /* Credentials.swift */,
				D4A43A9923C5E1490052821F /* Obfuscator.swift */,
			);
			path = Credentials;
			sourceTree = "<group>";
		};
		D4A43A9823C5E0690052821F /* Extensions */ = {
			isa = PBXGroup;
			children = (
				D45AD86923C742FB00438F1C /* AttributedTextView+Attributer.swift */,
				D47EBF5823CE03F300711F30 /* Combine+Publisher.swift */,
				D47EBF5A23CE044A00711F30 /* Combine+Subscribers.swift */,
				D4EFE01523CA200E0045677F /* Foundation+Codable.swift */,
				D4A43A9D23C5E4460052821F /* Foundation+Dictionary.swift */,
				D4C4154E23C679DF00EFAA98 /* Foundation+DispatchQueue.swift */,
				D4A43A9B23C5E3E30052821F /* Foundation+String.swift */,
				D47EBF5623CDEF7A00711F30 /* Foundation+URL.swift */,
				D45AD87D23C7D2A100438F1C /* SwiftUI+View.swift */,
				D45AD86B23C7431100438F1C /* TinyNetworking+Resource.swift */,
				D4CFBAFD23CF71ED002542D6 /* UIKit+View.swift */,
				D43DB0CA23CFF03400A6F66E /* UIKit+UITabBarController.swift */,
				D471113923D1B63A00259208 /* UIKit+UINavigationController.swift */,
			);
			path = Extensions;
			sourceTree = "<group>";
		};
		D4AD4BB123CBA68100BDB356 /* Activities */ = {
			isa = PBXGroup;
			children = (
				D4AD4BB223CBA69300BDB356 /* SafariActivity.swift */,
				D488F33923D0EFF400BDAE0E /* HashtagActivity.swift */,
			);
			path = Activities;
			sourceTree = "<group>";
		};
		D4C4153A23C636E800EFAA98 /* Entities */ = {
			isa = PBXGroup;
			children = (
				D4C4153B23C6370600EFAA98 /* TwitterResponse.swift */,
				D4C4153D23C6374500EFAA98 /* TwitterStatus.swift */,
				D488F32B23D0A90600BDAE0E /* TwitterUser.swift */,
				D471113B23D214A600259208 /* TwitterError.swift */,
			);
			path = Entities;
			sourceTree = "<group>";
		};
		D4CFBAF823CF244B002542D6 /* Account */ = {
			isa = PBXGroup;
			children = (
				D4CFBAF923CF245C002542D6 /* AccountService.swift */,
			);
			path = Account;
			sourceTree = "<group>";
		};
		D4DD896D23C4AA1F00179696 = {
			isa = PBXGroup;
			children = (
				D4DD897823C4AA1F00179696 /* SwiftUIArchitecture */,
				D4DD898F23C4AA2200179696 /* SwiftUIArchitectureTests */,
				D4DD899A23C4AA2200179696 /* SwiftUIArchitectureUITests */,
				D4DD897723C4AA1F00179696 /* Products */,
			);
			sourceTree = "<group>";
		};
		D4DD897723C4AA1F00179696 /* Products */ = {
			isa = PBXGroup;
			children = (
				D4DD897623C4AA1F00179696 /* burr.app */,
				D4DD898C23C4AA2200179696 /* SwiftUIArchitectureTests.xctest */,
				D4DD899723C4AA2200179696 /* SwiftUIArchitectureUITests.xctest */,
			);
			name = Products;
			sourceTree = "<group>";
		};
		D4DD897823C4AA1F00179696 /* SwiftUIArchitecture */ = {
			isa = PBXGroup;
			children = (
				D4DD89B123C4AD0A00179696 /* Source */,
				D4DD898723C4AA2100179696 /* Info.plist */,
				D4A43A8823C5DD610052821F /* Credentials.plist */,
				D4A43A9623C5DF5D0052821F /* Credentials.enc.swift */,
				D4A43A9223C5DE930052821F /* Credentials.xcconfig */,
				D4267D1523C5E60800632BA3 /* Credentials.enc */,
			);
			path = SwiftUIArchitecture;
			sourceTree = "<group>";
		};
		D4DD898F23C4AA2200179696 /* SwiftUIArchitectureTests */ = {
			isa = PBXGroup;
			children = (
				D4DD899023C4AA2200179696 /* SwiftUIArchitectureTests.swift */,
				D4DD899223C4AA2200179696 /* Info.plist */,
			);
			path = SwiftUIArchitectureTests;
			sourceTree = "<group>";
		};
		D4DD899A23C4AA2200179696 /* SwiftUIArchitectureUITests */ = {
			isa = PBXGroup;
			children = (
				D4DD899B23C4AA2200179696 /* SwiftUIArchitectureUITests.swift */,
				D4DD899D23C4AA2200179696 /* Info.plist */,
			);
			path = SwiftUIArchitectureUITests;
			sourceTree = "<group>";
		};
		D4DD89B123C4AD0A00179696 /* Source */ = {
			isa = PBXGroup;
			children = (
				D4DD89B323C4AD0A00179696 /* Assets */,
				D4DD89C223C4AD8000179696 /* Domain */,
				D4A43A9823C5E0690052821F /* Extensions */,
				D4DD89C123C4AD7900179696 /* Router */,
				D4DD89C423C4ADAD00179696 /* Redux */,
				D45AD86D23C743D300438F1C /* Style */,
				D4DD89CB23C4C2C000179696 /* Vendor */,
				D4DD89C323C4AD8400179696 /* Views */,
				D4DD89B223C4AD0A00179696 /* AppDelegate.swift */,
				D49D201123C4FF6100483FDC /* AppCoordinator.swift */,
				D4ACCD9423CDD1B000E3F775 /* AppTypes.swift */,
				D4DD89BA23C4AD0A00179696 /* SceneDelegate.swift */,
			);
			path = Source;
			sourceTree = "<group>";
		};
		D4DD89B323C4AD0A00179696 /* Assets */ = {
			isa = PBXGroup;
			children = (
				D4DD89B423C4AD0A00179696 /* Assets.xcassets */,
				D4DD89C923C4C2A000179696 /* Preview.xcassets */,
				D4DD89B723C4AD0A00179696 /* LaunchScreen.storyboard */,
				D475BA5D23CBBBFD0061733A /* Localizable.strings */,
			);
			path = Assets;
			sourceTree = "<group>";
		};
		D4DD89C123C4AD7900179696 /* Router */ = {
			isa = PBXGroup;
			children = (
				D49D200D23C4FC9C00483FDC /* RoutePath.swift */,
				D4F7ACBB23C529240039A840 /* RouterView.swift */,
			);
			path = Router;
			sourceTree = "<group>";
		};
		D4DD89C223C4AD8000179696 /* Domain */ = {
			isa = PBXGroup;
			children = (
				D4CFBAF823CF244B002542D6 /* Account */,
				D4AD4BB123CBA68100BDB356 /* Activities */,
				D4A43A8A23C5DD8A0052821F /* Credentials */,
				D4C4153A23C636E800EFAA98 /* Entities */,
				D4267D2123C5F00F00632BA3 /* Network */,
				D488F33623D0D46E00BDAE0E /* Utilities */,
				D4C4153623C62BD100EFAA98 /* Domain.swift */,
			);
			path = Domain;
			sourceTree = "<group>";
		};
		D4DD89C323C4AD8400179696 /* Views */ = {
			isa = PBXGroup;
			children = (
				D4DD89D123C4DACA00179696 /* Components */,
				D4DD89D223C4DAD000179696 /* Screens */,
			);
			path = Views;
			sourceTree = "<group>";
		};
		D4DD89C423C4ADAD00179696 /* Redux */ = {
			isa = PBXGroup;
			children = (
				D49D201423C5003500483FDC /* Actions */,
				D49D201323C5002F00483FDC /* States */,
				D4D0BF7C23CB70E7003BFFF5 /* Store.swift */,
				D4D0BF7E23CB7394003BFFF5 /* StoreContainer.swift */,
				D471113D23D2202500259208 /* StoreRecorder.swift */,
			);
			path = Redux;
			sourceTree = "<group>";
		};
		D4DD89CB23C4C2C000179696 /* Vendor */ = {
			isa = PBXGroup;
			children = (
				D475BA5E23CBBD390061733A /* SwiftGen */,
			);
			path = Vendor;
			sourceTree = "<group>";
		};
		D4DD89D123C4DACA00179696 /* Components */ = {
			isa = PBXGroup;
			children = (
				D480E4F023C8EE910060B3E9 /* ActivityIndicator.swift */,
				D45AD86123C7381200438F1C /* AttributedText.swift */,
				D45AD86723C73F3C00438F1C /* AttributedTextBuilder.swift */,
				D4712DCB23C8BA83007B6034 /* InfinityList.swift */,
				D4AD4BAD23CB9E9C00BDB356 /* ShareSheet.swift */,
				D4CFBAFB23CF48B8002542D6 /* TextFieldView.swift */,
				D4AD4BA823CB9B2B00BDB356 /* WebView.swift */,
			);
			path = Components;
			sourceTree = "<group>";
		};
		D4DD89D223C4DAD000179696 /* Screens */ = {
			isa = PBXGroup;
			children = (
				D4A43A7E23C5CC5B0052821F /* Feed */,
				D4A43A7323C5C7E40052821F /* Home */,
				D49D200723C4FBC900483FDC /* Onboarding */,
				D4DD89D323C4DAD700179696 /* Root */,
				D475BA5623CBBABD0061733A /* Web */,
			);
			path = Screens;
			sourceTree = "<group>";
		};
		D4DD89D323C4DAD700179696 /* Root */ = {
			isa = PBXGroup;
			children = (
				D4DD89D423C4DAF900179696 /* RootView.swift */,
			);
			path = Root;
			sourceTree = "<group>";
		};
/* End PBXGroup section */

/* Begin PBXNativeTarget section */
		D4DD897523C4AA1F00179696 /* SwiftUIArchitecture */ = {
			isa = PBXNativeTarget;
			buildConfigurationList = D4DD89A023C4AA2200179696 /* Build configuration list for PBXNativeTarget "SwiftUIArchitecture" */;
			buildPhases = (
				D4A43A8723C5DCED0052821F /* Encrypt Credentials */,
				D4DD89C823C4B96A00179696 /* Prepare Assets */,
				D4DD89C723C4B37600179696 /* Check Sources */,
				D4DD897223C4AA1F00179696 /* Sources */,
				D4DD897323C4AA1F00179696 /* Frameworks */,
				D4DD897423C4AA1F00179696 /* Resources */,
			);
			buildRules = (
			);
			dependencies = (
			);
			name = SwiftUIArchitecture;
			packageProductDependencies = (
				D4DD89AD23C4AC6500179696 /* SwiftUIRouter */,
				D4A43A9023C5DE4D0052821F /* CryptoSwift */,
				D4267D2623C5F2E100632BA3 /* TinyNetworking */,
				D4267D2D23C6201000632BA3 /* OhhAuth */,
				D45AD86523C73E8B00438F1C /* AttributedTextView */,
				D41964C623CC5E10006A84C3 /* SwiftUIRefresh */,
			);
			productName = SwiftUIArchitecture;
			productReference = D4DD897623C4AA1F00179696 /* burr.app */;
			productType = "com.apple.product-type.application";
		};
		D4DD898B23C4AA2200179696 /* SwiftUIArchitectureTests */ = {
			isa = PBXNativeTarget;
			buildConfigurationList = D4DD89A323C4AA2200179696 /* Build configuration list for PBXNativeTarget "SwiftUIArchitectureTests" */;
			buildPhases = (
				D4DD898823C4AA2200179696 /* Sources */,
				D4DD898923C4AA2200179696 /* Frameworks */,
				D4DD898A23C4AA2200179696 /* Resources */,
			);
			buildRules = (
			);
			dependencies = (
				D4DD898E23C4AA2200179696 /* PBXTargetDependency */,
			);
			name = SwiftUIArchitectureTests;
			productName = SwiftUIArchitectureTests;
			productReference = D4DD898C23C4AA2200179696 /* SwiftUIArchitectureTests.xctest */;
			productType = "com.apple.product-type.bundle.unit-test";
		};
		D4DD899623C4AA2200179696 /* SwiftUIArchitectureUITests */ = {
			isa = PBXNativeTarget;
			buildConfigurationList = D4DD89A623C4AA2200179696 /* Build configuration list for PBXNativeTarget "SwiftUIArchitectureUITests" */;
			buildPhases = (
				D4DD899323C4AA2200179696 /* Sources */,
				D4DD899423C4AA2200179696 /* Frameworks */,
				D4DD899523C4AA2200179696 /* Resources */,
			);
			buildRules = (
			);
			dependencies = (
				D4DD899923C4AA2200179696 /* PBXTargetDependency */,
			);
			name = SwiftUIArchitectureUITests;
			productName = SwiftUIArchitectureUITests;
			productReference = D4DD899723C4AA2200179696 /* SwiftUIArchitectureUITests.xctest */;
			productType = "com.apple.product-type.bundle.ui-testing";
		};
/* End PBXNativeTarget section */

/* Begin PBXProject section */
		D4DD896E23C4AA1F00179696 /* Project object */ = {
			isa = PBXProject;
			attributes = {
				LastSwiftUpdateCheck = 1130;
				LastUpgradeCheck = 1130;
				ORGANIZATIONNAME = "Stephan Schulz";
				TargetAttributes = {
					D4DD897523C4AA1F00179696 = {
						CreatedOnToolsVersion = 11.3;
					};
					D4DD898B23C4AA2200179696 = {
						CreatedOnToolsVersion = 11.3;
						TestTargetID = D4DD897523C4AA1F00179696;
					};
					D4DD899623C4AA2200179696 = {
						CreatedOnToolsVersion = 11.3;
						TestTargetID = D4DD897523C4AA1F00179696;
					};
				};
			};
			buildConfigurationList = D4DD897123C4AA1F00179696 /* Build configuration list for PBXProject "SwiftUIArchitecture" */;
			compatibilityVersion = "Xcode 9.3";
			developmentRegion = en;
			hasScannedForEncodings = 0;
			knownRegions = (
				en,
				Base,
			);
			mainGroup = D4DD896D23C4AA1F00179696;
			packageReferences = (
				D4DD89AC23C4AC6500179696 /* XCRemoteSwiftPackageReference "SwiftUIRouter" */,
				D4A43A8F23C5DE4D0052821F /* XCRemoteSwiftPackageReference "CryptoSwift" */,
				D4267D2523C5F2E100632BA3 /* XCRemoteSwiftPackageReference "TinyNetworking" */,
				D4267D2C23C6201000632BA3 /* XCRemoteSwiftPackageReference "OhhAuth" */,
				D45AD86423C73E8B00438F1C /* XCRemoteSwiftPackageReference "AttributedTextView" */,
				D41964C523CC5E10006A84C3 /* XCRemoteSwiftPackageReference "SwiftUIRefresh" */,
			);
			productRefGroup = D4DD897723C4AA1F00179696 /* Products */;
			projectDirPath = "";
			projectRoot = "";
			targets = (
				D4DD897523C4AA1F00179696 /* SwiftUIArchitecture */,
				D4DD898B23C4AA2200179696 /* SwiftUIArchitectureTests */,
				D4DD899623C4AA2200179696 /* SwiftUIArchitectureUITests */,
			);
		};
/* End PBXProject section */

/* Begin PBXResourcesBuildPhase section */
		D4DD897423C4AA1F00179696 /* Resources */ = {
			isa = PBXResourcesBuildPhase;
			buildActionMask = 2147483647;
			files = (
				D475BA5B23CBBBFD0061733A /* Localizable.strings in Resources */,
				D4267D1623C5E60800632BA3 /* Credentials.enc in Resources */,
				D488F32823D064B300BDAE0E /* LaunchScreen.storyboard in Resources */,
				D488F32723D064A600BDAE0E /* Assets.xcassets in Resources */,
			);
			runOnlyForDeploymentPostprocessing = 0;
		};
		D4DD898A23C4AA2200179696 /* Resources */ = {
			isa = PBXResourcesBuildPhase;
			buildActionMask = 2147483647;
			files = (
			);
			runOnlyForDeploymentPostprocessing = 0;
		};
		D4DD899523C4AA2200179696 /* Resources */ = {
			isa = PBXResourcesBuildPhase;
			buildActionMask = 2147483647;
			files = (
			);
			runOnlyForDeploymentPostprocessing = 0;
		};
/* End PBXResourcesBuildPhase section */

/* Begin PBXShellScriptBuildPhase section */
		D4A43A8723C5DCED0052821F /* Encrypt Credentials */ = {
			isa = PBXShellScriptBuildPhase;
			buildActionMask = 2147483647;
			files = (
			);
			inputFileListPaths = (
			);
			inputPaths = (
			);
			name = "Encrypt Credentials";
			outputFileListPaths = (
			);
			outputPaths = (
			);
			runOnlyForDeploymentPostprocessing = 0;
			shellPath = /bin/sh;
			shellScript = "FILES=\"Credentials\"\n\nfor FILE in $FILES\ndo\nif test -s ./SwiftUIArchitecture/$FILE.plist\nthen\necho \"Encrypting $FILE.plist\"\nopenssl enc -aes-128-cbc -md md5 -nosalt -iv 0000000000000000 -pass pass:${CREDENTIALS_KEY} -in ./SwiftUIArchitecture/$FILE.plist -out ./SwiftUIArchitecture/$FILE.enc\nelse\necho \"No $FILE.plist found, skipping new encryption\"\nfi\ndone\n";
		};
		D4DD89C723C4B37600179696 /* Check Sources */ = {
			isa = PBXShellScriptBuildPhase;
			buildActionMask = 2147483647;
			files = (
			);
			inputFileListPaths = (
			);
			inputPaths = (
			);
			name = "Check Sources";
			outputFileListPaths = (
			);
			outputPaths = (
			);
			runOnlyForDeploymentPostprocessing = 0;
			shellPath = /bin/sh;
			shellScript = "#mint run swiftformat swiftformat SwiftUIArchitecture/Source\nmint run swiftlint swiftlint #autocorrect\n";
		};
		D4DD89C823C4B96A00179696 /* Prepare Assets */ = {
			isa = PBXShellScriptBuildPhase;
			buildActionMask = 2147483647;
			files = (
			);
			inputFileListPaths = (
			);
			inputPaths = (
			);
			name = "Prepare Assets";
			outputFileListPaths = (
			);
			outputPaths = (
			);
			runOnlyForDeploymentPostprocessing = 0;
			shellPath = /bin/sh;
			shellScript = "mint run swiftgen swiftgen config run --config .swiftgen.yml\n";
		};
/* End PBXShellScriptBuildPhase section */

/* Begin PBXSourcesBuildPhase section */
		D4DD897223C4AA1F00179696 /* Sources */ = {
			isa = PBXSourcesBuildPhase;
			buildActionMask = 2147483647;
			files = (
				D4EFE01623CA200E0045677F /* Foundation+Codable.swift in Sources */,
				D4ACCD9523CDD1B000E3F775 /* AppTypes.swift in Sources */,
				D47EBF5B23CE044B00711F30 /* Combine+Subscribers.swift in Sources */,
				D49D201723C5004700483FDC /* AppState.swift in Sources */,
				D475BA5823CBBAD60061733A /* WebLinkView.swift in Sources */,
				D471113E23D2202500259208 /* StoreRecorder.swift in Sources */,
				D49D200E23C4FC9C00483FDC /* RoutePath.swift in Sources */,
				D4A43A7523C5C7F70052821F /* HomeView.swift in Sources */,
				D4AD4BB323CBA69300BDB356 /* SafariActivity.swift in Sources */,
				D45AD86223C7381200438F1C /* AttributedText.swift in Sources */,
				D488F33823D0D47E00BDAE0E /* Timer.swift in Sources */,
				D45AD86023C734AC00438F1C /* FeedCell.swift in Sources */,
				D4A43A8E23C5DDA00052821F /* Credentials.swift in Sources */,
				D471113A23D1B63A00259208 /* UIKit+UINavigationController.swift in Sources */,
				D49D201923C500FD00483FDC /* AppAction.swift in Sources */,
				D4C4154F23C679DF00EFAA98 /* Foundation+DispatchQueue.swift in Sources */,
				D47EBF5723CDEF7A00711F30 /* Foundation+URL.swift in Sources */,
				D4A43A9E23C5E4460052821F /* Foundation+Dictionary.swift in Sources */,
				D45AD87323C7444900438F1C /* Interface+Colors.swift in Sources */,
				D4CFBAFE23CF71ED002542D6 /* UIKit+View.swift in Sources */,
				D45AD87E23C7D2A100438F1C /* SwiftUI+View.swift in Sources */,
				D4A43A7D23C5CADE0052821F /* OnboardingInteractor.swift in Sources */,
				D4CFBAFA23CF245C002542D6 /* AccountService.swift in Sources */,
				D480E4F123C8EE910060B3E9 /* ActivityIndicator.swift in Sources */,
				D49D201023C4FD1F00483FDC /* OnboardingView.swift in Sources */,
				D4712DCC23C8BA83007B6034 /* InfinityList.swift in Sources */,
				D45AD87723C7463B00438F1C /* Interface+Spacing.swift in Sources */,
				D43DB0CB23CFF03400A6F66E /* UIKit+UITabBarController.swift in Sources */,
				D45AD86F23C743FC00438F1C /* Interface.swift in Sources */,
				D45AD86823C73F3C00438F1C /* AttributedTextBuilder.swift in Sources */,
				D4A43A8C23C5DD970052821F /* Configuration.swift in Sources */,
				D4D0BF7D23CB70E7003BFFF5 /* Store.swift in Sources */,
				D488F33A23D0EFF400BDAE0E /* HashtagActivity.swift in Sources */,
				D4DD89D523C4DAF900179696 /* RootView.swift in Sources */,
				D4C4153523C62BA700EFAA98 /* Networkable.swift in Sources */,
				D4EFE01823CA39820045677F /* ListState.swift in Sources */,
				D4A43A8023C5CCC30052821F /* FeedView.swift in Sources */,
				D49D202023C5041C00483FDC /* RouteAction.swift in Sources */,
				D4A43A9C23C5E3E40052821F /* Foundation+String.swift in Sources */,
				D4A43A8223C5CCCD0052821F /* FeedPresenter.swift in Sources */,
				D4C4154523C63F8100EFAA98 /* FeedAction.swift in Sources */,
				D4A43A9723C5DF5D0052821F /* Credentials.enc.swift in Sources */,
				D4C4153E23C6374500EFAA98 /* TwitterStatus.swift in Sources */,
				D47EBF5923CE03F300711F30 /* Combine+Publisher.swift in Sources */,
				D4F7ACBC23C529240039A840 /* RouterView.swift in Sources */,
				D4C4153C23C6370600EFAA98 /* TwitterResponse.swift in Sources */,
				D4CFBAFC23CF48B8002542D6 /* TextFieldView.swift in Sources */,
				D475BA6223CBBD390061733A /* assets-images.swift in Sources */,
				D4267D2B23C6052200632BA3 /* TwitterAPI.swift in Sources */,
				D488F32C23D0A90600BDAE0E /* TwitterUser.swift in Sources */,
				D4C4153723C62BD100EFAA98 /* Domain.swift in Sources */,
				D49D201E23C5030C00483FDC /* RouteState.swift in Sources */,
				D4A43A9A23C5E1490052821F /* Obfuscator.swift in Sources */,
				D4DD89BB23C4AD0A00179696 /* AppDelegate.swift in Sources */,
				D4AD4BAE23CB9E9C00BDB356 /* ShareSheet.swift in Sources */,
				D471113C23D214A600259208 /* TwitterError.swift in Sources */,
				D4D0BF7F23CB7394003BFFF5 /* StoreContainer.swift in Sources */,
				D4ACCD9323CDD07D00E3F775 /* FeedItem.swift in Sources */,
				D49D201223C4FF6100483FDC /* AppCoordinator.swift in Sources */,
				D4DD89C023C4AD0A00179696 /* SceneDelegate.swift in Sources */,
				D4A43A8423C5CCD50052821F /* FeedInteractor.swift in Sources */,
				D4A43A7723C5C8020052821F /* HomePresenter.swift in Sources */,
				D4A43A7923C5C9AF0052821F /* OnboardingPresenter.swift in Sources */,
				D4AD4BA923CB9B2B00BDB356 /* WebView.swift in Sources */,
				D45AD86A23C742FB00438F1C /* AttributedTextView+Attributer.swift in Sources */,
				D4A43A7B23C5CA480052821F /* HomeInteractor.swift in Sources */,
				D4C4154323C63F0D00EFAA98 /* FeedState.swift in Sources */,
				D45AD86C23C7431100438F1C /* TinyNetworking+Resource.swift in Sources */,
				D475BA6123CBBD390061733A /* strings.swift in Sources */,
				D45AD87123C7441C00438F1C /* Interface+Fonts.swift in Sources */,
			);
			runOnlyForDeploymentPostprocessing = 0;
		};
		D4DD898823C4AA2200179696 /* Sources */ = {
			isa = PBXSourcesBuildPhase;
			buildActionMask = 2147483647;
			files = (
				D4DD899123C4AA2200179696 /* SwiftUIArchitectureTests.swift in Sources */,
			);
			runOnlyForDeploymentPostprocessing = 0;
		};
		D4DD899323C4AA2200179696 /* Sources */ = {
			isa = PBXSourcesBuildPhase;
			buildActionMask = 2147483647;
			files = (
				D4DD899C23C4AA2200179696 /* SwiftUIArchitectureUITests.swift in Sources */,
			);
			runOnlyForDeploymentPostprocessing = 0;
		};
/* End PBXSourcesBuildPhase section */

/* Begin PBXTargetDependency section */
		D4DD898E23C4AA2200179696 /* PBXTargetDependency */ = {
			isa = PBXTargetDependency;
			target = D4DD897523C4AA1F00179696 /* SwiftUIArchitecture */;
			targetProxy = D4DD898D23C4AA2200179696 /* PBXContainerItemProxy */;
		};
		D4DD899923C4AA2200179696 /* PBXTargetDependency */ = {
			isa = PBXTargetDependency;
			target = D4DD897523C4AA1F00179696 /* SwiftUIArchitecture */;
			targetProxy = D4DD899823C4AA2200179696 /* PBXContainerItemProxy */;
		};
/* End PBXTargetDependency section */

/* Begin PBXVariantGroup section */
		D475BA5D23CBBBFD0061733A /* Localizable.strings */ = {
			isa = PBXVariantGroup;
			children = (
				D475BA5C23CBBBFD0061733A /* en */,
			);
			name = Localizable.strings;
			sourceTree = "<group>";
		};
		D4DD89B723C4AD0A00179696 /* LaunchScreen.storyboard */ = {
			isa = PBXVariantGroup;
			children = (
				D4DD89B823C4AD0A00179696 /* Base */,
			);
			name = LaunchScreen.storyboard;
			sourceTree = "<group>";
		};
/* End PBXVariantGroup section */

/* Begin XCBuildConfiguration section */
		D4DD899E23C4AA2200179696 /* Debug */ = {
			isa = XCBuildConfiguration;
			buildSettings = {
				ALWAYS_SEARCH_USER_PATHS = NO;
				ASSETCATALOG_COMPILER_APPICON_NAME = AppIcon;
				CLANG_ANALYZER_NONNULL = YES;
				CLANG_ANALYZER_NUMBER_OBJECT_CONVERSION = YES_AGGRESSIVE;
				CLANG_CXX_LANGUAGE_STANDARD = "gnu++14";
				CLANG_CXX_LIBRARY = "libc++";
				CLANG_ENABLE_MODULES = YES;
				CLANG_ENABLE_OBJC_ARC = YES;
				CLANG_ENABLE_OBJC_WEAK = YES;
				CLANG_WARN_BLOCK_CAPTURE_AUTORELEASING = YES;
				CLANG_WARN_BOOL_CONVERSION = YES;
				CLANG_WARN_COMMA = YES;
				CLANG_WARN_CONSTANT_CONVERSION = YES;
				CLANG_WARN_DEPRECATED_OBJC_IMPLEMENTATIONS = YES;
				CLANG_WARN_DIRECT_OBJC_ISA_USAGE = YES_ERROR;
				CLANG_WARN_DOCUMENTATION_COMMENTS = YES;
				CLANG_WARN_EMPTY_BODY = YES;
				CLANG_WARN_ENUM_CONVERSION = YES;
				CLANG_WARN_INFINITE_RECURSION = YES;
				CLANG_WARN_INT_CONVERSION = YES;
				CLANG_WARN_NON_LITERAL_NULL_CONVERSION = YES;
				CLANG_WARN_OBJC_IMPLICIT_RETAIN_SELF = YES;
				CLANG_WARN_OBJC_LITERAL_CONVERSION = YES;
				CLANG_WARN_OBJC_ROOT_CLASS = YES_ERROR;
				CLANG_WARN_RANGE_LOOP_ANALYSIS = YES;
				CLANG_WARN_STRICT_PROTOTYPES = YES;
				CLANG_WARN_SUSPICIOUS_MOVE = YES;
				CLANG_WARN_UNGUARDED_AVAILABILITY = YES_AGGRESSIVE;
				CLANG_WARN_UNREACHABLE_CODE = YES;
				CLANG_WARN__DUPLICATE_METHOD_MATCH = YES;
				COPY_PHASE_STRIP = NO;
				DEBUG_INFORMATION_FORMAT = dwarf;
				DEVELOPMENT_ASSET_PATHS = SwiftUIArchitecture/Source/Assets;
				ENABLE_STRICT_OBJC_MSGSEND = YES;
				ENABLE_TESTABILITY = YES;
				GCC_C_LANGUAGE_STANDARD = gnu11;
				GCC_DYNAMIC_NO_PIC = NO;
				GCC_NO_COMMON_BLOCKS = YES;
				GCC_OPTIMIZATION_LEVEL = 0;
				GCC_PREPROCESSOR_DEFINITIONS = (
					"DEBUG=1",
					"$(inherited)",
				);
				GCC_WARN_64_TO_32_BIT_CONVERSION = YES;
				GCC_WARN_ABOUT_RETURN_TYPE = YES_ERROR;
				GCC_WARN_UNDECLARED_SELECTOR = YES;
				GCC_WARN_UNINITIALIZED_AUTOS = YES_AGGRESSIVE;
				GCC_WARN_UNUSED_FUNCTION = YES;
				GCC_WARN_UNUSED_VARIABLE = YES;
				IPHONEOS_DEPLOYMENT_TARGET = 13.0;
				MTL_ENABLE_DEBUG_INFO = INCLUDE_SOURCE;
				MTL_FAST_MATH = YES;
				ONLY_ACTIVE_ARCH = YES;
				SDKROOT = iphoneos;
				SWIFT_ACTIVE_COMPILATION_CONDITIONS = DEBUG;
				SWIFT_OPTIMIZATION_LEVEL = "-Onone";
			};
			name = Debug;
		};
		D4DD899F23C4AA2200179696 /* Release */ = {
			isa = XCBuildConfiguration;
			buildSettings = {
				ALWAYS_SEARCH_USER_PATHS = NO;
				ASSETCATALOG_COMPILER_APPICON_NAME = AppIcon;
				CLANG_ANALYZER_NONNULL = YES;
				CLANG_ANALYZER_NUMBER_OBJECT_CONVERSION = YES_AGGRESSIVE;
				CLANG_CXX_LANGUAGE_STANDARD = "gnu++14";
				CLANG_CXX_LIBRARY = "libc++";
				CLANG_ENABLE_MODULES = YES;
				CLANG_ENABLE_OBJC_ARC = YES;
				CLANG_ENABLE_OBJC_WEAK = YES;
				CLANG_WARN_BLOCK_CAPTURE_AUTORELEASING = YES;
				CLANG_WARN_BOOL_CONVERSION = YES;
				CLANG_WARN_COMMA = YES;
				CLANG_WARN_CONSTANT_CONVERSION = YES;
				CLANG_WARN_DEPRECATED_OBJC_IMPLEMENTATIONS = YES;
				CLANG_WARN_DIRECT_OBJC_ISA_USAGE = YES_ERROR;
				CLANG_WARN_DOCUMENTATION_COMMENTS = YES;
				CLANG_WARN_EMPTY_BODY = YES;
				CLANG_WARN_ENUM_CONVERSION = YES;
				CLANG_WARN_INFINITE_RECURSION = YES;
				CLANG_WARN_INT_CONVERSION = YES;
				CLANG_WARN_NON_LITERAL_NULL_CONVERSION = YES;
				CLANG_WARN_OBJC_IMPLICIT_RETAIN_SELF = YES;
				CLANG_WARN_OBJC_LITERAL_CONVERSION = YES;
				CLANG_WARN_OBJC_ROOT_CLASS = YES_ERROR;
				CLANG_WARN_RANGE_LOOP_ANALYSIS = YES;
				CLANG_WARN_STRICT_PROTOTYPES = YES;
				CLANG_WARN_SUSPICIOUS_MOVE = YES;
				CLANG_WARN_UNGUARDED_AVAILABILITY = YES_AGGRESSIVE;
				CLANG_WARN_UNREACHABLE_CODE = YES;
				CLANG_WARN__DUPLICATE_METHOD_MATCH = YES;
				COPY_PHASE_STRIP = NO;
				DEBUG_INFORMATION_FORMAT = "dwarf-with-dsym";
				DEVELOPMENT_ASSET_PATHS = SwiftUIArchitecture/Source/Assets;
				ENABLE_NS_ASSERTIONS = NO;
				ENABLE_STRICT_OBJC_MSGSEND = YES;
				GCC_C_LANGUAGE_STANDARD = gnu11;
				GCC_NO_COMMON_BLOCKS = YES;
				GCC_WARN_64_TO_32_BIT_CONVERSION = YES;
				GCC_WARN_ABOUT_RETURN_TYPE = YES_ERROR;
				GCC_WARN_UNDECLARED_SELECTOR = YES;
				GCC_WARN_UNINITIALIZED_AUTOS = YES_AGGRESSIVE;
				GCC_WARN_UNUSED_FUNCTION = YES;
				GCC_WARN_UNUSED_VARIABLE = YES;
				IPHONEOS_DEPLOYMENT_TARGET = 13.0;
				MTL_ENABLE_DEBUG_INFO = NO;
				MTL_FAST_MATH = YES;
				SDKROOT = iphoneos;
				SWIFT_COMPILATION_MODE = wholemodule;
				SWIFT_OPTIMIZATION_LEVEL = "-O";
				VALIDATE_PRODUCT = YES;
			};
			name = Release;
		};
		D4DD89A123C4AA2200179696 /* Debug */ = {
			isa = XCBuildConfiguration;
			baseConfigurationReference = D4A43A9223C5DE930052821F /* Credentials.xcconfig */;
			buildSettings = {
				ASSETCATALOG_COMPILER_APPICON_NAME = AppIcon;
				CODE_SIGN_IDENTITY = "iPhone Developer";
				CODE_SIGN_STYLE = Manual;
				CURRENT_PROJECT_VERSION = 9;
				DEVELOPMENT_ASSET_PATHS = "";
				DEVELOPMENT_TEAM = 7WWY5P3UJ4;
				ENABLE_PREVIEWS = YES;
				INFOPLIST_FILE = SwiftUIArchitecture/Info.plist;
				IPHONEOS_DEPLOYMENT_TARGET = 13.0;
				LD_RUNPATH_SEARCH_PATHS = (
					"$(inherited)",
					"@executable_path/Frameworks",
				);
				MARKETING_VERSION = 1.0.0;
				PRODUCT_BUNDLE_IDENTIFIER = com.stephanschulz.burr;
				PRODUCT_NAME = burr;
				PROVISIONING_PROFILE_SPECIFIER = "burr Development Profile";
				SWIFT_VERSION = 5.0;
				TARGETED_DEVICE_FAMILY = 1;
			};
			name = Debug;
		};
		D4DD89A223C4AA2200179696 /* Release */ = {
			isa = XCBuildConfiguration;
			baseConfigurationReference = D4A43A9223C5DE930052821F /* Credentials.xcconfig */;
			buildSettings = {
				ASSETCATALOG_COMPILER_APPICON_NAME = AppIcon;
				CODE_SIGN_IDENTITY = "iPhone Distribution";
				CODE_SIGN_STYLE = Manual;
				CURRENT_PROJECT_VERSION = 9;
				DEVELOPMENT_ASSET_PATHS = "";
				DEVELOPMENT_TEAM = 7WWY5P3UJ4;
				ENABLE_PREVIEWS = YES;
				INFOPLIST_FILE = SwiftUIArchitecture/Info.plist;
				IPHONEOS_DEPLOYMENT_TARGET = 13.0;
				LD_RUNPATH_SEARCH_PATHS = (
					"$(inherited)",
					"@executable_path/Frameworks",
				);
				MARKETING_VERSION = 1.0.0;
				PRODUCT_BUNDLE_IDENTIFIER = com.stephanschulz.burr;
				PRODUCT_NAME = burr;
				PROVISIONING_PROFILE_SPECIFIER = "burr Distribution Profile";
				SWIFT_VERSION = 5.0;
				TARGETED_DEVICE_FAMILY = 1;
			};
			name = Release;
		};
		D4DD89A423C4AA2200179696 /* Debug */ = {
			isa = XCBuildConfiguration;
			buildSettings = {
				ALWAYS_EMBED_SWIFT_STANDARD_LIBRARIES = YES;
				BUNDLE_LOADER = "$(TEST_HOST)";
				CODE_SIGN_STYLE = Automatic;
				INFOPLIST_FILE = SwiftUIArchitectureTests/Info.plist;
				IPHONEOS_DEPLOYMENT_TARGET = 13.2;
				LD_RUNPATH_SEARCH_PATHS = (
					"$(inherited)",
					"@executable_path/Frameworks",
					"@loader_path/Frameworks",
				);
				PRODUCT_BUNDLE_IDENTIFIER = com.stephanschulz.SwiftUIArchitectureTests;
				PRODUCT_NAME = "$(TARGET_NAME)";
				SWIFT_VERSION = 5.0;
				TARGETED_DEVICE_FAMILY = "1,2";
				TEST_HOST = "$(BUILT_PRODUCTS_DIR)/SwiftUIArchitecture.app/SwiftUIArchitecture";
			};
			name = Debug;
		};
		D4DD89A523C4AA2200179696 /* Release */ = {
			isa = XCBuildConfiguration;
			buildSettings = {
				ALWAYS_EMBED_SWIFT_STANDARD_LIBRARIES = YES;
				BUNDLE_LOADER = "$(TEST_HOST)";
				CODE_SIGN_STYLE = Automatic;
				INFOPLIST_FILE = SwiftUIArchitectureTests/Info.plist;
				IPHONEOS_DEPLOYMENT_TARGET = 13.2;
				LD_RUNPATH_SEARCH_PATHS = (
					"$(inherited)",
					"@executable_path/Frameworks",
					"@loader_path/Frameworks",
				);
				PRODUCT_BUNDLE_IDENTIFIER = com.stephanschulz.SwiftUIArchitectureTests;
				PRODUCT_NAME = "$(TARGET_NAME)";
				SWIFT_VERSION = 5.0;
				TARGETED_DEVICE_FAMILY = "1,2";
				TEST_HOST = "$(BUILT_PRODUCTS_DIR)/SwiftUIArchitecture.app/SwiftUIArchitecture";
			};
			name = Release;
		};
		D4DD89A723C4AA2200179696 /* Debug */ = {
			isa = XCBuildConfiguration;
			buildSettings = {
				ALWAYS_EMBED_SWIFT_STANDARD_LIBRARIES = YES;
				CODE_SIGN_STYLE = Automatic;
				INFOPLIST_FILE = SwiftUIArchitectureUITests/Info.plist;
				LD_RUNPATH_SEARCH_PATHS = (
					"$(inherited)",
					"@executable_path/Frameworks",
					"@loader_path/Frameworks",
				);
				PRODUCT_BUNDLE_IDENTIFIER = com.stephanschulz.SwiftUIArchitectureUITests;
				PRODUCT_NAME = "$(TARGET_NAME)";
				SWIFT_VERSION = 5.0;
				TARGETED_DEVICE_FAMILY = "1,2";
				TEST_TARGET_NAME = SwiftUIArchitecture;
			};
			name = Debug;
		};
		D4DD89A823C4AA2200179696 /* Release */ = {
			isa = XCBuildConfiguration;
			buildSettings = {
				ALWAYS_EMBED_SWIFT_STANDARD_LIBRARIES = YES;
				CODE_SIGN_STYLE = Automatic;
				INFOPLIST_FILE = SwiftUIArchitectureUITests/Info.plist;
				LD_RUNPATH_SEARCH_PATHS = (
					"$(inherited)",
					"@executable_path/Frameworks",
					"@loader_path/Frameworks",
				);
				PRODUCT_BUNDLE_IDENTIFIER = com.stephanschulz.SwiftUIArchitectureUITests;
				PRODUCT_NAME = "$(TARGET_NAME)";
				SWIFT_VERSION = 5.0;
				TARGETED_DEVICE_FAMILY = "1,2";
				TEST_TARGET_NAME = SwiftUIArchitecture;
			};
			name = Release;
		};
/* End XCBuildConfiguration section */

/* Begin XCConfigurationList section */
		D4DD897123C4AA1F00179696 /* Build configuration list for PBXProject "SwiftUIArchitecture" */ = {
			isa = XCConfigurationList;
			buildConfigurations = (
				D4DD899E23C4AA2200179696 /* Debug */,
				D4DD899F23C4AA2200179696 /* Release */,
			);
			defaultConfigurationIsVisible = 0;
			defaultConfigurationName = Release;
		};
		D4DD89A023C4AA2200179696 /* Build configuration list for PBXNativeTarget "SwiftUIArchitecture" */ = {
			isa = XCConfigurationList;
			buildConfigurations = (
				D4DD89A123C4AA2200179696 /* Debug */,
				D4DD89A223C4AA2200179696 /* Release */,
			);
			defaultConfigurationIsVisible = 0;
			defaultConfigurationName = Release;
		};
		D4DD89A323C4AA2200179696 /* Build configuration list for PBXNativeTarget "SwiftUIArchitectureTests" */ = {
			isa = XCConfigurationList;
			buildConfigurations = (
				D4DD89A423C4AA2200179696 /* Debug */,
				D4DD89A523C4AA2200179696 /* Release */,
			);
			defaultConfigurationIsVisible = 0;
			defaultConfigurationName = Release;
		};
		D4DD89A623C4AA2200179696 /* Build configuration list for PBXNativeTarget "SwiftUIArchitectureUITests" */ = {
			isa = XCConfigurationList;
			buildConfigurations = (
				D4DD89A723C4AA2200179696 /* Debug */,
				D4DD89A823C4AA2200179696 /* Release */,
			);
			defaultConfigurationIsVisible = 0;
			defaultConfigurationName = Release;
		};
/* End XCConfigurationList section */

/* Begin XCRemoteSwiftPackageReference section */
		D41964C523CC5E10006A84C3 /* XCRemoteSwiftPackageReference "SwiftUIRefresh" */ = {
			isa = XCRemoteSwiftPackageReference;
			repositoryURL = "https://github.com/siteline/SwiftUIRefresh";
			requirement = {
				kind = upToNextMajorVersion;
				minimumVersion = 0.0.1;
			};
		};
		D4267D2523C5F2E100632BA3 /* XCRemoteSwiftPackageReference "TinyNetworking" */ = {
			isa = XCRemoteSwiftPackageReference;
			repositoryURL = "https://github.com/jdisho/TinyNetworking";
			requirement = {
				kind = upToNextMajorVersion;
				minimumVersion = 4.0.0;
			};
		};
		D4267D2C23C6201000632BA3 /* XCRemoteSwiftPackageReference "OhhAuth" */ = {
			isa = XCRemoteSwiftPackageReference;
			repositoryURL = "https://github.com/mw99/OhhAuth";
			requirement = {
				kind = upToNextMajorVersion;
				minimumVersion = 1.1.0;
			};
		};
		D45AD86423C73E8B00438F1C /* XCRemoteSwiftPackageReference "AttributedTextView" */ = {
			isa = XCRemoteSwiftPackageReference;
			repositoryURL = "https://github.com/mittenimraum/AttributedTextView";
			requirement = {
				branch = master;
				kind = branch;
			};
		};
		D4A43A8F23C5DE4D0052821F /* XCRemoteSwiftPackageReference "CryptoSwift" */ = {
			isa = XCRemoteSwiftPackageReference;
			repositoryURL = "https://github.com/krzyzanowskim/CryptoSwift";
			requirement = {
				kind = upToNextMajorVersion;
				minimumVersion = 1.3.0;
			};
		};
		D4DD89AC23C4AC6500179696 /* XCRemoteSwiftPackageReference "SwiftUIRouter" */ = {
			isa = XCRemoteSwiftPackageReference;
			repositoryURL = "https://github.com/frzi/SwiftUIRouter";
			requirement = {
				kind = upToNextMajorVersion;
				minimumVersion = 0.1.1;
			};
		};
/* End XCRemoteSwiftPackageReference section */

/* Begin XCSwiftPackageProductDependency section */
		D41964C623CC5E10006A84C3 /* SwiftUIRefresh */ = {
			isa = XCSwiftPackageProductDependency;
			package = D41964C523CC5E10006A84C3 /* XCRemoteSwiftPackageReference "SwiftUIRefresh" */;
			productName = SwiftUIRefresh;
		};
		D4267D2623C5F2E100632BA3 /* TinyNetworking */ = {
			isa = XCSwiftPackageProductDependency;
			package = D4267D2523C5F2E100632BA3 /* XCRemoteSwiftPackageReference "TinyNetworking" */;
			productName = TinyNetworking;
		};
		D4267D2D23C6201000632BA3 /* OhhAuth */ = {
			isa = XCSwiftPackageProductDependency;
			package = D4267D2C23C6201000632BA3 /* XCRemoteSwiftPackageReference "OhhAuth" */;
			productName = OhhAuth;
		};
		D45AD86523C73E8B00438F1C /* AttributedTextView */ = {
			isa = XCSwiftPackageProductDependency;
			package = D45AD86423C73E8B00438F1C /* XCRemoteSwiftPackageReference "AttributedTextView" */;
			productName = AttributedTextView;
		};
		D4A43A9023C5DE4D0052821F /* CryptoSwift */ = {
			isa = XCSwiftPackageProductDependency;
			package = D4A43A8F23C5DE4D0052821F /* XCRemoteSwiftPackageReference "CryptoSwift" */;
			productName = CryptoSwift;
		};
		D4DD89AD23C4AC6500179696 /* SwiftUIRouter */ = {
			isa = XCSwiftPackageProductDependency;
			package = D4DD89AC23C4AC6500179696 /* XCRemoteSwiftPackageReference "SwiftUIRouter" */;
			productName = SwiftUIRouter;
		};
/* End XCSwiftPackageProductDependency section */
	};
	rootObject = D4DD896E23C4AA1F00179696 /* Project object */;
}
